
Microsoft Visual Studio Solution File, Format Version 12.00
# Visual Studio 15
VisualStudioVersion = 15.0.28307.271
MinimumVisualStudioVersion = 10.0.40219.1
Project("{8BC9CEB8-8B4A-11D0-8D11-00A0C91BC942}") = "FCC_RomanNumeralConverter", "FCC_RomanNumeralConverter\FCC_RomanNumeralConverter.vcxproj", "{DCCDBF94-040D-4B75-A752-56405AE21112}"
EndProject
Global
	GlobalSection(SolutionConfigurationPlatforms) = preSolution
		Debug|x64 = Debug|x64
		Debug|x86 = Debug|x86
		Release|x64 = Release|x64
		Release|x86 = Release|x86
	EndGlobalSection
	GlobalSection(ProjectConfigurationPlatforms) = postSolution
		{DCCDBF94-040D-4B75-A752-56405AE21112}.Debug|x64.ActiveCfg = Debug|x64
		{DCCDBF94-040D-4B75-A752-56405AE21112}.Debug|x64.Build.0 = Debug|x64
		{DCCDBF94-040D-4B75-A752-56405AE21112}.Debug|x86.ActiveCfg = Debug|Win32
		{DCCDBF94-040D-4B75-A752-56405AE21112}.Debug|x86.Build.0 = Debug|Win32
		{DCCDBF94-040D-4B75-A752-56405AE21112}.Release|x64.ActiveCfg = Release|x64
		{DCCDBF94-040D-4B75-A752-56405AE21112}.Release|x64.Build.0 = Release|x64
		{DCCDBF94-040D-4B75-A752-56405AE21112}.Release|x86.ActiveCfg = Release|Win32
		{DCCDBF94-040D-4B75-A752-56405AE21112}.Release|x86.Build.0 = Release|Win32
	EndGlobalSection
	GlobalSection(SolutionProperties) = preSolution
		HideSolutionNode = FALSE
	EndGlobalSection
	GlobalSection(ExtensibilityGlobals) = postSolution
		SolutionGuid = {EC437002-3281-4E3E-87ED-B58F9369C64D}
	EndGlobalSection
EndGlobal
